
Microsoft Visual Studio Solution File, Format Version 12.00
# Visual Studio Version 17
VisualStudioVersion = 17.10.35013.160
MinimumVisualStudioVersion = 10.0.40219.1
Project("{FAE04EC0-301F-11D3-BF4B-00C04F79EFBC}") = "ColorHEX", "ColorHEX\ColorHEX.csproj", "{2523411B-5824-475D-8E3E-2CF59A9EC5C3}"
EndProject
Global
	GlobalSection(SolutionConfigurationPlatforms) = preSolution
		Debug|Any CPU = Debug|Any CPU
		Release|Any CPU = Release|Any CPU
	EndGlobalSection
	GlobalSection(ProjectConfigurationPlatforms) = postSolution
		{2523411B-5824-475D-8E3E-2CF59A9EC5C3}.Debug|Any CPU.ActiveCfg = Debug|Any CPU
		{2523411B-5824-475D-8E3E-2CF59A9EC5C3}.Debug|Any CPU.Build.0 = Debug|Any CPU
		{2523411B-5824-475D-8E3E-2CF59A9EC5C3}.Debug|Any CPU.Deploy.0 = Debug|Any CPU
		{2523411B-5824-475D-8E3E-2CF59A9EC5C3}.Release|Any CPU.ActiveCfg = Release|Any CPU
		{2523411B-5824-475D-8E3E-2CF59A9EC5C3}.Release|Any CPU.Build.0 = Release|Any CPU
		{2523411B-5824-475D-8E3E-2CF59A9EC5C3}.Release|Any CPU.Deploy.0 = Release|Any CPU
	EndGlobalSection
	GlobalSection(SolutionProperties) = preSolution
		HideSolutionNode = FALSE
	EndGlobalSection
	GlobalSection(ExtensibilityGlobals) = postSolution
		SolutionGuid = {440CE42F-351F-4A34-95A3-55FE9D8B4650}
	EndGlobalSection
EndGlobal
